
Microsoft Visual Studio Solution File, Format Version 12.00
# Visual Studio Version 17
VisualStudioVersion = 17.14.36915.13 d17.14
MinimumVisualStudioVersion = 10.0.40219.1
Project("{FAE04EC0-301F-11D3-BF4B-00C04F79EFBC}") = "GraPuzzle", "GraPuzzle\GraPuzzle.csproj", "{32398896-2C43-489F-9B5E-E802F6841467}"
EndProject
Global
	GlobalSection(SolutionConfigurationPlatforms) = preSolution
		Debug|Any CPU = Debug|Any CPU
		Release|Any CPU = Release|Any CPU
	EndGlobalSection
	GlobalSection(ProjectConfigurationPlatforms) = postSolution
		{32398896-2C43-489F-9B5E-E802F6841467}.Debug|Any CPU.ActiveCfg = Debug|Any CPU
		{32398896-2C43-489F-9B5E-E802F6841467}.Debug|Any CPU.Build.0 = Debug|Any CPU
		{32398896-2C43-489F-9B5E-E802F6841467}.Release|Any CPU.ActiveCfg = Release|Any CPU
		{32398896-2C43-489F-9B5E-E802F6841467}.Release|Any CPU.Build.0 = Release|Any CPU
	EndGlobalSection
	GlobalSection(SolutionProperties) = preSolution
		HideSolutionNode = FALSE
	EndGlobalSection
	GlobalSection(ExtensibilityGlobals) = postSolution
		SolutionGuid = {D21AF1C9-5B0A-4452-94DF-EA861ED611B4}
	EndGlobalSection
EndGlobal
